
Microsoft Visual Studio Solution File, Format Version 12.00
# Visual Studio 14
VisualStudioVersion = 14.0.25420.1
MinimumVisualStudioVersion = 10.0.40219.1
Project("{159641D6-6404-4A2A-AE62-294DE0FE8301}") = "VosburghTransfer", "VosburghTransfer\VosburghTransfer.dtproj", "{6468D9C6-B0F7-4E62-9BD1-BA80141C95CE}"
EndProject
Global
	GlobalSection(SolutionConfigurationPlatforms) = preSolution
		Development|Default = Development|Default
		Production|Default = Production|Default
	EndGlobalSection
	GlobalSection(ProjectConfigurationPlatforms) = postSolution
		{6468D9C6-B0F7-4E62-9BD1-BA80141C95CE}.Development|Default.ActiveCfg = Development
		{6468D9C6-B0F7-4E62-9BD1-BA80141C95CE}.Development|Default.Build.0 = Development
		{6468D9C6-B0F7-4E62-9BD1-BA80141C95CE}.Production|Default.ActiveCfg = Development
		{6468D9C6-B0F7-4E62-9BD1-BA80141C95CE}.Production|Default.Build.0 = Development
	EndGlobalSection
	GlobalSection(SolutionProperties) = preSolution
		HideSolutionNode = FALSE
	EndGlobalSection
EndGlobal
